
Microsoft Visual Studio Solution File, Format Version 12.00
# Visual Studio 15
VisualStudioVersion = 15.0.28307.271
MinimumVisualStudioVersion = 10.0.40219.1
Project("{9A19103F-16F7-4668-BE54-9A1E7A4F7556}") = "IntOfArrays", "IntArray\IntOfArrays.csproj", "{EDCF63FF-DC71-4960-87F6-3AF73CC16DC4}"
EndProject
Project("{9A19103F-16F7-4668-BE54-9A1E7A4F7556}") = "IntArrays.Tests", "intArrayTest\IntArrays.Tests.csproj", "{EB98DC78-9555-4BB1-984E-A6FFB76CDB0F}"
EndProject
Project("{2150E333-8FDC-42A3-9474-1A3956D46DE8}") = "Solution Items", "Solution Items", "{B295468C-AF46-4612-88FE-BCAF1689A26E}"
EndProject
Global
	GlobalSection(SolutionConfigurationPlatforms) = preSolution
		Debug|Any CPU = Debug|Any CPU
		Release|Any CPU = Release|Any CPU
	EndGlobalSection
	GlobalSection(ProjectConfigurationPlatforms) = postSolution
		{EDCF63FF-DC71-4960-87F6-3AF73CC16DC4}.Debug|Any CPU.ActiveCfg = Debug|Any CPU
		{EDCF63FF-DC71-4960-87F6-3AF73CC16DC4}.Debug|Any CPU.Build.0 = Debug|Any CPU
		{EDCF63FF-DC71-4960-87F6-3AF73CC16DC4}.Release|Any CPU.ActiveCfg = Release|Any CPU
		{EDCF63FF-DC71-4960-87F6-3AF73CC16DC4}.Release|Any CPU.Build.0 = Release|Any CPU
		{EB98DC78-9555-4BB1-984E-A6FFB76CDB0F}.Debug|Any CPU.ActiveCfg = Debug|Any CPU
		{EB98DC78-9555-4BB1-984E-A6FFB76CDB0F}.Debug|Any CPU.Build.0 = Debug|Any CPU
		{EB98DC78-9555-4BB1-984E-A6FFB76CDB0F}.Release|Any CPU.ActiveCfg = Release|Any CPU
		{EB98DC78-9555-4BB1-984E-A6FFB76CDB0F}.Release|Any CPU.Build.0 = Release|Any CPU
	EndGlobalSection
	GlobalSection(SolutionProperties) = preSolution
		HideSolutionNode = FALSE
	EndGlobalSection
	GlobalSection(ExtensibilityGlobals) = postSolution
		SolutionGuid = {EB90285E-A45F-488E-8C07-CFA948425ADF}
	EndGlobalSection
EndGlobal
